// !$*UTF8*$!
{
	archiveVersion = 1;
	classes = {
	};
	objectVersion = 50;
	objects = {

/* Begin PBXBuildFile section */
		240050B021F057AE001F86E3 /* RegisterPNViewController.swift in Sources */ = {isa = PBXBuildFile; fileRef = 240050AF21F057AE001F86E3 /* RegisterPNViewController.swift */; };
		2400924621F829B800A45123 /* OneMessage.swift in Sources */ = {isa = PBXBuildFile; fileRef = 2400923F21F829B600A45123 /* OneMessage.swift */; };
		2400924721F829B800A45123 /* OneChats.swift in Sources */ = {isa = PBXBuildFile; fileRef = 2400924021F829B600A45123 /* OneChats.swift */; };
		2400924821F829B800A45123 /* OneRoom.swift in Sources */ = {isa = PBXBuildFile; fileRef = 2400924121F829B700A45123 /* OneRoom.swift */; };
		2400924921F829B800A45123 /* OneChat.swift in Sources */ = {isa = PBXBuildFile; fileRef = 2400924221F829B700A45123 /* OneChat.swift */; };
		2400924A21F829B800A45123 /* OneRoster.swift in Sources */ = {isa = PBXBuildFile; fileRef = 2400924321F829B700A45123 /* OneRoster.swift */; };
		2400924B21F829B800A45123 /* OnePresence.swift in Sources */ = {isa = PBXBuildFile; fileRef = 2400924421F829B700A45123 /* OnePresence.swift */; };
		2400924C21F829B800A45123 /* OneLastActivity.swift in Sources */ = {isa = PBXBuildFile; fileRef = 2400924521F829B800A45123 /* OneLastActivity.swift */; };
		2400FEAD21F5C6080078EEB4 /* Urls.swift in Sources */ = {isa = PBXBuildFile; fileRef = 2400FEAC21F5C6080078EEB4 /* Urls.swift */; };
		2401727A22006AA70007CF33 /* Contact.swift in Sources */ = {isa = PBXBuildFile; fileRef = 2401727922006AA70007CF33 /* Contact.swift */; };
		2401727C22006AB40007CF33 /* Message.swift in Sources */ = {isa = PBXBuildFile; fileRef = 2401727B22006AB40007CF33 /* Message.swift */; };
		2401727E22006B040007CF33 /* Group.swift in Sources */ = {isa = PBXBuildFile; fileRef = 2401727D22006B040007CF33 /* Group.swift */; };
		2401728022006B110007CF33 /* Channel.swift in Sources */ = {isa = PBXBuildFile; fileRef = 2401727F22006B110007CF33 /* Channel.swift */; };
		2411FE3221F07DF300CE9A2F /* OTPViewController.swift in Sources */ = {isa = PBXBuildFile; fileRef = 2411FE3121F07DF300CE9A2F /* OTPViewController.swift */; };
		2421F5FC2202D239002211ED /* AES.swift in Sources */ = {isa = PBXBuildFile; fileRef = 2421F5FB2202D239002211ED /* AES.swift */; };
		246EA034222B9A730002077A /* ConversationCellUITableViewCell.swift in Sources */ = {isa = PBXBuildFile; fileRef = 246EA032222B9A730002077A /* ConversationCellUITableViewCell.swift */; };
		246EA035222B9A730002077A /* ConversationCellUITableViewCell.xib in Resources */ = {isa = PBXBuildFile; fileRef = 246EA033222B9A730002077A /* ConversationCellUITableViewCell.xib */; };
		247DDF5B21FD88E90071524B /* MainConversation.swift in Sources */ = {isa = PBXBuildFile; fileRef = 247DDF5A21FD88E90071524B /* MainConversation.swift */; };
		247DDF6821FD8EDA0071524B /* Conversation.swift in Sources */ = {isa = PBXBuildFile; fileRef = 247DDF6721FD8EDA0071524B /* Conversation.swift */; };
		24887CF4222D45C5009408D9 /* SettingMenuGeneralCell.swift in Sources */ = {isa = PBXBuildFile; fileRef = 24887CF3222D45C5009408D9 /* SettingMenuGeneralCell.swift */; };
		24ADD1D321EEFD6400BB7BF4 /* AppDelegate.swift in Sources */ = {isa = PBXBuildFile; fileRef = 24ADD1D221EEFD6400BB7BF4 /* AppDelegate.swift */; };
		24ADD1D821EEFD6400BB7BF4 /* Main.storyboard in Resources */ = {isa = PBXBuildFile; fileRef = 24ADD1D621EEFD6400BB7BF4 /* Main.storyboard */; };
		24ADD1DB21EEFD6400BB7BF4 /* Pigeon.xcdatamodeld in Sources */ = {isa = PBXBuildFile; fileRef = 24ADD1D921EEFD6400BB7BF4 /* Pigeon.xcdatamodeld */; };
		24ADD1DD21EEFD6500BB7BF4 /* Assets.xcassets in Resources */ = {isa = PBXBuildFile; fileRef = 24ADD1DC21EEFD6500BB7BF4 /* Assets.xcassets */; };
		24ADD1E021EEFD6500BB7BF4 /* LaunchScreen.storyboard in Resources */ = {isa = PBXBuildFile; fileRef = 24ADD1DE21EEFD6500BB7BF4 /* LaunchScreen.storyboard */; };
		24ADD1EA21EEFE8500BB7BF4 /* StartUpViewController.swift in Sources */ = {isa = PBXBuildFile; fileRef = 24ADD1E921EEFE8500BB7BF4 /* StartUpViewController.swift */; };
		24D4A83C21F7485200BB03F3 /* Constants.swift in Sources */ = {isa = PBXBuildFile; fileRef = 24D4A83B21F7485200BB03F3 /* Constants.swift */; };
		24DE736621F332FF00C5FB6D /* CompleteInfoViewController.swift in Sources */ = {isa = PBXBuildFile; fileRef = 24DE736521F332FF00C5FB6D /* CompleteInfoViewController.swift */; };
		24E275D2220AD52B00E3702A /* SettingMenu.swift in Sources */ = {isa = PBXBuildFile; fileRef = 24E275D1220AD52B00E3702A /* SettingMenu.swift */; };
		24E275D4220AD58B00E3702A /* ContactMenu.swift in Sources */ = {isa = PBXBuildFile; fileRef = 24E275D3220AD58B00E3702A /* ContactMenu.swift */; };
		24E275D6220AD5AC00E3702A /* Call.swift in Sources */ = {isa = PBXBuildFile; fileRef = 24E275D5220AD5AC00E3702A /* Call.swift */; };
		24EA0FD721FC471500D49137 /* Cryptography.swift in Sources */ = {isa = PBXBuildFile; fileRef = 24EA0FD621FC471500D49137 /* Cryptography.swift */; };
		24EC56A4221EB55700F9BEFB /* Registration.storyboard in Resources */ = {isa = PBXBuildFile; fileRef = 24EC56A3221EB55700F9BEFB /* Registration.storyboard */; };
		A6EBE3C6306E0BBB17736C33 /* Pods_Pigeon.framework in Frameworks */ = {isa = PBXBuildFile; fileRef = A5875CAAB685B5E500AE7BB8 /* Pods_Pigeon.framework */; };
/* End PBXBuildFile section */

/* Begin PBXFileReference section */
		240050AF21F057AE001F86E3 /* RegisterPNViewController.swift */ = {isa = PBXFileReference; lastKnownFileType = sourcecode.swift; path = RegisterPNViewController.swift; sourceTree = "<group>"; };
		2400923F21F829B600A45123 /* OneMessage.swift */ = {isa = PBXFileReference; fileEncoding = 4; lastKnownFileType = sourcecode.swift; path = OneMessage.swift; sourceTree = "<group>"; };
		2400924021F829B600A45123 /* OneChats.swift */ = {isa = PBXFileReference; fileEncoding = 4; lastKnownFileType = sourcecode.swift; path = OneChats.swift; sourceTree = "<group>"; };
		2400924121F829B700A45123 /* OneRoom.swift */ = {isa = PBXFileReference; fileEncoding = 4; lastKnownFileType = sourcecode.swift; path = OneRoom.swift; sourceTree = "<group>"; };
		2400924221F829B700A45123 /* OneChat.swift */ = {isa = PBXFileReference; fileEncoding = 4; lastKnownFileType = sourcecode.swift; path = OneChat.swift; sourceTree = "<group>"; };
		2400924321F829B700A45123 /* OneRoster.swift */ = {isa = PBXFileReference; fileEncoding = 4; lastKnownFileType = sourcecode.swift; path = OneRoster.swift; sourceTree = "<group>"; };
		2400924421F829B700A45123 /* OnePresence.swift */ = {isa = PBXFileReference; fileEncoding = 4; lastKnownFileType = sourcecode.swift; path = OnePresence.swift; sourceTree = "<group>"; };
		2400924521F829B800A45123 /* OneLastActivity.swift */ = {isa = PBXFileReference; fileEncoding = 4; lastKnownFileType = sourcecode.swift; path = OneLastActivity.swift; sourceTree = "<group>"; };
		2400FEAC21F5C6080078EEB4 /* Urls.swift */ = {isa = PBXFileReference; lastKnownFileType = sourcecode.swift; path = Urls.swift; sourceTree = "<group>"; };
		2401727922006AA70007CF33 /* Contact.swift */ = {isa = PBXFileReference; lastKnownFileType = sourcecode.swift; path = Contact.swift; sourceTree = "<group>"; };
		2401727B22006AB40007CF33 /* Message.swift */ = {isa = PBXFileReference; lastKnownFileType = sourcecode.swift; path = Message.swift; sourceTree = "<group>"; };
		2401727D22006B040007CF33 /* Group.swift */ = {isa = PBXFileReference; lastKnownFileType = sourcecode.swift; path = Group.swift; sourceTree = "<group>"; };
		2401727F22006B110007CF33 /* Channel.swift */ = {isa = PBXFileReference; lastKnownFileType = sourcecode.swift; path = Channel.swift; sourceTree = "<group>"; };
		2411FE3121F07DF300CE9A2F /* OTPViewController.swift */ = {isa = PBXFileReference; lastKnownFileType = sourcecode.swift; path = OTPViewController.swift; sourceTree = "<group>"; };
		2421F5FB2202D239002211ED /* AES.swift */ = {isa = PBXFileReference; lastKnownFileType = sourcecode.swift; path = AES.swift; sourceTree = "<group>"; };
		246EA032222B9A730002077A /* ConversationCellUITableViewCell.swift */ = {isa = PBXFileReference; lastKnownFileType = sourcecode.swift; path = ConversationCellUITableViewCell.swift; sourceTree = "<group>"; };
		246EA033222B9A730002077A /* ConversationCellUITableViewCell.xib */ = {isa = PBXFileReference; lastKnownFileType = file.xib; path = ConversationCellUITableViewCell.xib; sourceTree = "<group>"; };
		247DDF5A21FD88E90071524B /* MainConversation.swift */ = {isa = PBXFileReference; lastKnownFileType = sourcecode.swift; path = MainConversation.swift; sourceTree = "<group>"; };
		247DDF6721FD8EDA0071524B /* Conversation.swift */ = {isa = PBXFileReference; lastKnownFileType = sourcecode.swift; path = Conversation.swift; sourceTree = "<group>"; };
		24887CF3222D45C5009408D9 /* SettingMenuGeneralCell.swift */ = {isa = PBXFileReference; lastKnownFileType = sourcecode.swift; path = SettingMenuGeneralCell.swift; sourceTree = "<group>"; };
		24ADD1CF21EEFD6400BB7BF4 /* Pigeon.app */ = {isa = PBXFileReference; explicitFileType = wrapper.application; includeInIndex = 0; path = Pigeon.app; sourceTree = BUILT_PRODUCTS_DIR; };
		24ADD1D221EEFD6400BB7BF4 /* AppDelegate.swift */ = {isa = PBXFileReference; lastKnownFileType = sourcecode.swift; path = AppDelegate.swift; sourceTree = "<group>"; };
		24ADD1D721EEFD6400BB7BF4 /* Base */ = {isa = PBXFileReference; lastKnownFileType = file.storyboard; name = Base; path = Base.lproj/Main.storyboard; sourceTree = "<group>"; };
		24ADD1DA21EEFD6400BB7BF4 /* Pigeon.xcdatamodel */ = {isa = PBXFileReference; lastKnownFileType = wrapper.xcdatamodel; path = Pigeon.xcdatamodel; sourceTree = "<group>"; };
		24ADD1DC21EEFD6500BB7BF4 /* Assets.xcassets */ = {isa = PBXFileReference; lastKnownFileType = folder.assetcatalog; path = Assets.xcassets; sourceTree = "<group>"; };
		24ADD1DF21EEFD6500BB7BF4 /* Base */ = {isa = PBXFileReference; lastKnownFileType = file.storyboard; name = Base; path = Base.lproj/LaunchScreen.storyboard; sourceTree = "<group>"; };
		24ADD1E121EEFD6500BB7BF4 /* Info.plist */ = {isa = PBXFileReference; lastKnownFileType = text.plist.xml; path = Info.plist; sourceTree = "<group>"; };
		24ADD1E921EEFE8500BB7BF4 /* StartUpViewController.swift */ = {isa = PBXFileReference; lastKnownFileType = sourcecode.swift; path = StartUpViewController.swift; sourceTree = "<group>"; };
		24D4A83B21F7485200BB03F3 /* Constants.swift */ = {isa = PBXFileReference; fileEncoding = 4; lastKnownFileType = sourcecode.swift; path = Constants.swift; sourceTree = "<group>"; };
		24DE736521F332FF00C5FB6D /* CompleteInfoViewController.swift */ = {isa = PBXFileReference; lastKnownFileType = sourcecode.swift; path = CompleteInfoViewController.swift; sourceTree = "<group>"; };
		24E275D1220AD52B00E3702A /* SettingMenu.swift */ = {isa = PBXFileReference; lastKnownFileType = sourcecode.swift; path = SettingMenu.swift; sourceTree = "<group>"; };
		24E275D3220AD58B00E3702A /* ContactMenu.swift */ = {isa = PBXFileReference; lastKnownFileType = sourcecode.swift; path = ContactMenu.swift; sourceTree = "<group>"; };
		24E275D5220AD5AC00E3702A /* Call.swift */ = {isa = PBXFileReference; lastKnownFileType = sourcecode.swift; path = Call.swift; sourceTree = "<group>"; };
		24EA0FD621FC471500D49137 /* Cryptography.swift */ = {isa = PBXFileReference; lastKnownFileType = sourcecode.swift; path = Cryptography.swift; sourceTree = "<group>"; };
		24EC56A3221EB55700F9BEFB /* Registration.storyboard */ = {isa = PBXFileReference; lastKnownFileType = file.storyboard; path = Registration.storyboard; sourceTree = "<group>"; };
		6ED203663A966E93AF221666 /* Pods-Pigeon.debug.xcconfig */ = {isa = PBXFileReference; includeInIndex = 1; lastKnownFileType = text.xcconfig; name = "Pods-Pigeon.debug.xcconfig"; path = "Pods/Target Support Files/Pods-Pigeon/Pods-Pigeon.debug.xcconfig"; sourceTree = "<group>"; };
		736D0F7D95A0EDE200CBBF0B /* Pods-Pigeon.release.xcconfig */ = {isa = PBXFileReference; includeInIndex = 1; lastKnownFileType = text.xcconfig; name = "Pods-Pigeon.release.xcconfig"; path = "Pods/Target Support Files/Pods-Pigeon/Pods-Pigeon.release.xcconfig"; sourceTree = "<group>"; };
		A5875CAAB685B5E500AE7BB8 /* Pods_Pigeon.framework */ = {isa = PBXFileReference; explicitFileType = wrapper.framework; includeInIndex = 0; path = Pods_Pigeon.framework; sourceTree = BUILT_PRODUCTS_DIR; };
/* End PBXFileReference section */

/* Begin PBXFrameworksBuildPhase section */
		24ADD1CC21EEFD6400BB7BF4 /* Frameworks */ = {
			isa = PBXFrameworksBuildPhase;
			buildActionMask = 2147483647;
			files = (
				A6EBE3C6306E0BBB17736C33 /* Pods_Pigeon.framework in Frameworks */,
			);
			runOnlyForDeploymentPostprocessing = 0;
		};
/* End PBXFrameworksBuildPhase section */

/* Begin PBXGroup section */
		2400FEAB21F5C5E70078EEB4 /* constants */ = {
			isa = PBXGroup;
			children = (
				24D4A83B21F7485200BB03F3 /* Constants.swift */,
				2400FEAC21F5C6080078EEB4 /* Urls.swift */,
			);
			path = constants;
			sourceTree = "<group>";
		};
		246EA031222B9A110002077A /* conversationCell */ = {
			isa = PBXGroup;
			children = (
				246EA032222B9A730002077A /* ConversationCellUITableViewCell.swift */,
				246EA033222B9A730002077A /* ConversationCellUITableViewCell.xib */,
				24887CF3222D45C5009408D9 /* SettingMenuGeneralCell.swift */,
			);
			path = conversationCell;
			sourceTree = "<group>";
		};
		247DDF5C21FD89800071524B /* presenter */ = {
			isa = PBXGroup;
			children = (
				247DDF5A21FD88E90071524B /* MainConversation.swift */,
				24E275D1220AD52B00E3702A /* SettingMenu.swift */,
				24E275D3220AD58B00E3702A /* ContactMenu.swift */,
				24E275D5220AD5AC00E3702A /* Call.swift */,
			);
			path = presenter;
			sourceTree = "<group>";
		};
		247DDF5D21FD898B0071524B /* cell */ = {
			isa = PBXGroup;
			children = (
				246EA031222B9A110002077A /* conversationCell */,
			);
			path = cell;
			sourceTree = "<group>";
		};
		247DDF6621FD8EB80071524B /* model */ = {
			isa = PBXGroup;
			children = (
				247DDF6721FD8EDA0071524B /* Conversation.swift */,
				2401727922006AA70007CF33 /* Contact.swift */,
				2401727B22006AB40007CF33 /* Message.swift */,
				2401727D22006B040007CF33 /* Group.swift */,
				2401727F22006B110007CF33 /* Channel.swift */,
			);
			path = model;
			sourceTree = "<group>";
		};
		24ADD1C621EEFD6400BB7BF4 = {
			isa = PBXGroup;
			children = (
				24ADD1D121EEFD6400BB7BF4 /* Pigeon */,
				24ADD1D021EEFD6400BB7BF4 /* Products */,
				D163C44C8558B788038595A8 /* Pods */,
				5F58F5FCBA1D7CF1F9FB70F4 /* Frameworks */,
			);
			sourceTree = "<group>";
		};
		24ADD1D021EEFD6400BB7BF4 /* Products */ = {
			isa = PBXGroup;
			children = (
				24ADD1CF21EEFD6400BB7BF4 /* Pigeon.app */,
			);
			name = Products;
			sourceTree = "<group>";
		};
		24ADD1D121EEFD6400BB7BF4 /* Pigeon */ = {
			isa = PBXGroup;
			children = (
				24D4A82B21F7424F00BB03F3 /* lib */,
				2400FEAB21F5C5E70078EEB4 /* constants */,
				24DE736721F467BC00C5FB6D /* util */,
				24ADD1E821EEFE4700BB7BF4 /* main */,
				24ADD1E721EEFE2800BB7BF4 /* intoApp */,
				24ADD1D221EEFD6400BB7BF4 /* AppDelegate.swift */,
				24ADD1D621EEFD6400BB7BF4 /* Main.storyboard */,
				24ADD1DC21EEFD6500BB7BF4 /* Assets.xcassets */,
				24ADD1DE21EEFD6500BB7BF4 /* LaunchScreen.storyboard */,
				24ADD1E121EEFD6500BB7BF4 /* Info.plist */,
				24ADD1D921EEFD6400BB7BF4 /* Pigeon.xcdatamodeld */,
				24EC56A3221EB55700F9BEFB /* Registration.storyboard */,
			);
			path = Pigeon;
			sourceTree = "<group>";
		};
		24ADD1E721EEFE2800BB7BF4 /* intoApp */ = {
			isa = PBXGroup;
			children = (
				24ADD1E921EEFE8500BB7BF4 /* StartUpViewController.swift */,
				240050AF21F057AE001F86E3 /* RegisterPNViewController.swift */,
				2411FE3121F07DF300CE9A2F /* OTPViewController.swift */,
				24DE736521F332FF00C5FB6D /* CompleteInfoViewController.swift */,
			);
			path = intoApp;
			sourceTree = "<group>";
		};
		24ADD1E821EEFE4700BB7BF4 /* main */ = {
			isa = PBXGroup;
			children = (
				247DDF6621FD8EB80071524B /* model */,
				247DDF5D21FD898B0071524B /* cell */,
				247DDF5C21FD89800071524B /* presenter */,
			);
			path = main;
			sourceTree = "<group>";
		};
		24D4A82B21F7424F00BB03F3 /* lib */ = {
			isa = PBXGroup;
			children = (
				24D4A82C21F7425C00BB03F3 /* xmpp */,
			);
			path = lib;
			sourceTree = "<group>";
		};
		24D4A82C21F7425C00BB03F3 /* xmpp */ = {
			isa = PBXGroup;
			children = (
				2400924221F829B700A45123 /* OneChat.swift */,
				2400924021F829B600A45123 /* OneChats.swift */,
				2400924521F829B800A45123 /* OneLastActivity.swift */,
				2400923F21F829B600A45123 /* OneMessage.swift */,
				2400924421F829B700A45123 /* OnePresence.swift */,
				2400924121F829B700A45123 /* OneRoom.swift */,
				2400924321F829B700A45123 /* OneRoster.swift */,
			);
			path = xmpp;
			sourceTree = "<group>";
		};
		24DE736721F467BC00C5FB6D /* util */ = {
			isa = PBXGroup;
			children = (
				24EA0FD621FC471500D49137 /* Cryptography.swift */,
				2421F5FB2202D239002211ED /* AES.swift */,
			);
			path = util;
			sourceTree = "<group>";
		};
		5F58F5FCBA1D7CF1F9FB70F4 /* Frameworks */ = {
			isa = PBXGroup;
			children = (
				A5875CAAB685B5E500AE7BB8 /* Pods_Pigeon.framework */,
			);
			name = Frameworks;
			sourceTree = "<group>";
		};
		D163C44C8558B788038595A8 /* Pods */ = {
			isa = PBXGroup;
			children = (
				6ED203663A966E93AF221666 /* Pods-Pigeon.debug.xcconfig */,
				736D0F7D95A0EDE200CBBF0B /* Pods-Pigeon.release.xcconfig */,
			);
			name = Pods;
			sourceTree = "<group>";
		};
/* End PBXGroup section */

/* Begin PBXNativeTarget section */
		24ADD1CE21EEFD6400BB7BF4 /* Pigeon */ = {
			isa = PBXNativeTarget;
			buildConfigurationList = 24ADD1E421EEFD6500BB7BF4 /* Build configuration list for PBXNativeTarget "Pigeon" */;
			buildPhases = (
				5C68B2D1DC25733E036A8F8A /* [CP] Check Pods Manifest.lock */,
				24ADD1CB21EEFD6400BB7BF4 /* Sources */,
				24ADD1CC21EEFD6400BB7BF4 /* Frameworks */,
				24ADD1CD21EEFD6400BB7BF4 /* Resources */,
				EAE35A60C0593537BCEDFD4C /* [CP] Embed Pods Frameworks */,
			);
			buildRules = (
			);
			dependencies = (
			);
			name = Pigeon;
			productName = Pigeon;
			productReference = 24ADD1CF21EEFD6400BB7BF4 /* Pigeon.app */;
			productType = "com.apple.product-type.application";
		};
/* End PBXNativeTarget section */

/* Begin PBXProject section */
		24ADD1C721EEFD6400BB7BF4 /* Project object */ = {
			isa = PBXProject;
			attributes = {
				LastSwiftUpdateCheck = 1010;
				LastUpgradeCheck = 1010;
				ORGANIZATIONNAME = Safarnejad;
				TargetAttributes = {
					24ADD1CE21EEFD6400BB7BF4 = {
						CreatedOnToolsVersion = 10.1;
					};
				};
			};
			buildConfigurationList = 24ADD1CA21EEFD6400BB7BF4 /* Build configuration list for PBXProject "Pigeon" */;
			compatibilityVersion = "Xcode 9.3";
			developmentRegion = en;
			hasScannedForEncodings = 0;
			knownRegions = (
				en,
				Base,
			);
			mainGroup = 24ADD1C621EEFD6400BB7BF4;
			productRefGroup = 24ADD1D021EEFD6400BB7BF4 /* Products */;
			projectDirPath = "";
			projectRoot = "";
			targets = (
				24ADD1CE21EEFD6400BB7BF4 /* Pigeon */,
			);
		};
/* End PBXProject section */

/* Begin PBXResourcesBuildPhase section */
		24ADD1CD21EEFD6400BB7BF4 /* Resources */ = {
			isa = PBXResourcesBuildPhase;
			buildActionMask = 2147483647;
			files = (
				24ADD1E021EEFD6500BB7BF4 /* LaunchScreen.storyboard in Resources */,
				24EC56A4221EB55700F9BEFB /* Registration.storyboard in Resources */,
				24ADD1DD21EEFD6500BB7BF4 /* Assets.xcassets in Resources */,
				246EA035222B9A730002077A /* ConversationCellUITableViewCell.xib in Resources */,
				24ADD1D821EEFD6400BB7BF4 /* Main.storyboard in Resources */,
			);
			runOnlyForDeploymentPostprocessing = 0;
		};
/* End PBXResourcesBuildPhase section */

/* Begin PBXShellScriptBuildPhase section */
		5C68B2D1DC25733E036A8F8A /* [CP] Check Pods Manifest.lock */ = {
			isa = PBXShellScriptBuildPhase;
			buildActionMask = 2147483647;
			files = (
			);
			inputFileListPaths = (
			);
			inputPaths = (
				"${PODS_PODFILE_DIR_PATH}/Podfile.lock",
				"${PODS_ROOT}/Manifest.lock",
			);
			name = "[CP] Check Pods Manifest.lock";
			outputFileListPaths = (
			);
			outputPaths = (
				"$(DERIVED_FILE_DIR)/Pods-Pigeon-checkManifestLockResult.txt",
			);
			runOnlyForDeploymentPostprocessing = 0;
			shellPath = /bin/sh;
			shellScript = "diff \"${PODS_PODFILE_DIR_PATH}/Podfile.lock\" \"${PODS_ROOT}/Manifest.lock\" > /dev/null\nif [ $? != 0 ] ; then\n    # print error to STDERR\n    echo \"error: The sandbox is not in sync with the Podfile.lock. Run 'pod install' or update your CocoaPods installation.\" >&2\n    exit 1\nfi\n# This output is used by Xcode 'outputs' to avoid re-running this script phase.\necho \"SUCCESS\" > \"${SCRIPT_OUTPUT_FILE_0}\"\n";
			showEnvVarsInLog = 0;
		};
		EAE35A60C0593537BCEDFD4C /* [CP] Embed Pods Frameworks */ = {
			isa = PBXShellScriptBuildPhase;
			buildActionMask = 2147483647;
			files = (
			);
			inputFileListPaths = (
			);
			inputPaths = (
				"${SRCROOT}/Pods/Target Support Files/Pods-Pigeon/Pods-Pigeon-frameworks.sh",
				"${BUILT_PRODUCTS_DIR}/AFNetworking/AFNetworking.framework",
				"${BUILT_PRODUCTS_DIR}/Alamofire/Alamofire.framework",
				"${BUILT_PRODUCTS_DIR}/CocoaAsyncSocket/CocoaAsyncSocket.framework",
				"${BUILT_PRODUCTS_DIR}/CocoaLumberjack/CocoaLumberjack.framework",
				"${BUILT_PRODUCTS_DIR}/FMDB/FMDB.framework",
				"${BUILT_PRODUCTS_DIR}/JSQMessagesViewController/JSQMessagesViewController.framework",
				"${BUILT_PRODUCTS_DIR}/JSQSystemSoundPlayer/JSQSystemSoundPlayer.framework",
				"${BUILT_PRODUCTS_DIR}/KissXML/KissXML.framework",
				"${BUILT_PRODUCTS_DIR}/MBProgressHUD/MBProgressHUD.framework",
				"${BUILT_PRODUCTS_DIR}/SwCrypt/SwCrypt.framework",
				"${BUILT_PRODUCTS_DIR}/SwiftyRSA/SwiftyRSA.framework",
				"${BUILT_PRODUCTS_DIR}/XMPPFramework/XMPPFramework.framework",
				"${BUILT_PRODUCTS_DIR}/libidn/libidn.framework",
			);
			name = "[CP] Embed Pods Frameworks";
			outputFileListPaths = (
			);
			outputPaths = (
				"${TARGET_BUILD_DIR}/${FRAMEWORKS_FOLDER_PATH}/AFNetworking.framework",
				"${TARGET_BUILD_DIR}/${FRAMEWORKS_FOLDER_PATH}/Alamofire.framework",
				"${TARGET_BUILD_DIR}/${FRAMEWORKS_FOLDER_PATH}/CocoaAsyncSocket.framework",
				"${TARGET_BUILD_DIR}/${FRAMEWORKS_FOLDER_PATH}/CocoaLumberjack.framework",
				"${TARGET_BUILD_DIR}/${FRAMEWORKS_FOLDER_PATH}/FMDB.framework",
				"${TARGET_BUILD_DIR}/${FRAMEWORKS_FOLDER_PATH}/JSQMessagesViewController.framework",
				"${TARGET_BUILD_DIR}/${FRAMEWORKS_FOLDER_PATH}/JSQSystemSoundPlayer.framework",
				"${TARGET_BUILD_DIR}/${FRAMEWORKS_FOLDER_PATH}/KissXML.framework",
				"${TARGET_BUILD_DIR}/${FRAMEWORKS_FOLDER_PATH}/MBProgressHUD.framework",
				"${TARGET_BUILD_DIR}/${FRAMEWORKS_FOLDER_PATH}/SwCrypt.framework",
				"${TARGET_BUILD_DIR}/${FRAMEWORKS_FOLDER_PATH}/SwiftyRSA.framework",
				"${TARGET_BUILD_DIR}/${FRAMEWORKS_FOLDER_PATH}/XMPPFramework.framework",
				"${TARGET_BUILD_DIR}/${FRAMEWORKS_FOLDER_PATH}/libidn.framework",
			);
			runOnlyForDeploymentPostprocessing = 0;
			shellPath = /bin/sh;
			shellScript = "\"${SRCROOT}/Pods/Target Support Files/Pods-Pigeon/Pods-Pigeon-frameworks.sh\"\n";
			showEnvVarsInLog = 0;
		};
/* End PBXShellScriptBuildPhase section */

/* Begin PBXSourcesBuildPhase section */
		24ADD1CB21EEFD6400BB7BF4 /* Sources */ = {
			isa = PBXSourcesBuildPhase;
			buildActionMask = 2147483647;
			files = (
				24887CF4222D45C5009408D9 /* SettingMenuGeneralCell.swift in Sources */,
				24E275D4220AD58B00E3702A /* ContactMenu.swift in Sources */,
				2400924B21F829B800A45123 /* OnePresence.swift in Sources */,
				2401728022006B110007CF33 /* Channel.swift in Sources */,
				2411FE3221F07DF300CE9A2F /* OTPViewController.swift in Sources */,
				247DDF5B21FD88E90071524B /* MainConversation.swift in Sources */,
				2400924C21F829B800A45123 /* OneLastActivity.swift in Sources */,
				24E275D2220AD52B00E3702A /* SettingMenu.swift in Sources */,
				2400924921F829B800A45123 /* OneChat.swift in Sources */,
				2401727A22006AA70007CF33 /* Contact.swift in Sources */,
				24ADD1DB21EEFD6400BB7BF4 /* Pigeon.xcdatamodeld in Sources */,
				24E275D6220AD5AC00E3702A /* Call.swift in Sources */,
				2400924821F829B800A45123 /* OneRoom.swift in Sources */,
				247DDF6821FD8EDA0071524B /* Conversation.swift in Sources */,
				2400FEAD21F5C6080078EEB4 /* Urls.swift in Sources */,
				2400924721F829B800A45123 /* OneChats.swift in Sources */,
				24EA0FD721FC471500D49137 /* Cryptography.swift in Sources */,
				2421F5FC2202D239002211ED /* AES.swift in Sources */,
				24D4A83C21F7485200BB03F3 /* Constants.swift in Sources */,
				24ADD1EA21EEFE8500BB7BF4 /* StartUpViewController.swift in Sources */,
				2400924A21F829B800A45123 /* OneRoster.swift in Sources */,
				2401727C22006AB40007CF33 /* Message.swift in Sources */,
				24ADD1D321EEFD6400BB7BF4 /* AppDelegate.swift in Sources */,
				2401727E22006B040007CF33 /* Group.swift in Sources */,
				246EA034222B9A730002077A /* ConversationCellUITableViewCell.swift in Sources */,
				24DE736621F332FF00C5FB6D /* CompleteInfoViewController.swift in Sources */,
				2400924621F829B800A45123 /* OneMessage.swift in Sources */,
				240050B021F057AE001F86E3 /* RegisterPNViewController.swift in Sources */,
			);
			runOnlyForDeploymentPostprocessing = 0;
		};
/* End PBXSourcesBuildPhase section */

/* Begin PBXVariantGroup section */
		24ADD1D621EEFD6400BB7BF4 /* Main.storyboard */ = {
			isa = PBXVariantGroup;
			children = (
				24ADD1D721EEFD6400BB7BF4 /* Base */,
			);
			name = Main.storyboard;
			sourceTree = "<group>";
		};
		24ADD1DE21EEFD6500BB7BF4 /* LaunchScreen.storyboard */ = {
			isa = PBXVariantGroup;
			children = (
				24ADD1DF21EEFD6500BB7BF4 /* Base */,
			);
			name = LaunchScreen.storyboard;
			sourceTree = "<group>";
		};
/* End PBXVariantGroup section */

/* Begin XCBuildConfiguration section */
		24ADD1E221EEFD6500BB7BF4 /* Debug */ = {
			isa = XCBuildConfiguration;
			buildSettings = {
				ALWAYS_SEARCH_USER_PATHS = NO;
				CLANG_ANALYZER_NONNULL = YES;
				CLANG_ANALYZER_NUMBER_OBJECT_CONVERSION = YES_AGGRESSIVE;
				CLANG_CXX_LANGUAGE_STANDARD = "gnu++14";
				CLANG_CXX_LIBRARY = "libc++";
				CLANG_ENABLE_MODULES = YES;
				CLANG_ENABLE_OBJC_ARC = YES;
				CLANG_ENABLE_OBJC_WEAK = YES;
				CLANG_WARN_BLOCK_CAPTURE_AUTORELEASING = YES;
				CLANG_WARN_BOOL_CONVERSION = YES;
				CLANG_WARN_COMMA = YES;
				CLANG_WARN_CONSTANT_CONVERSION = YES;
				CLANG_WARN_DEPRECATED_OBJC_IMPLEMENTATIONS = YES;
				CLANG_WARN_DIRECT_OBJC_ISA_USAGE = YES_ERROR;
				CLANG_WARN_DOCUMENTATION_COMMENTS = YES;
				CLANG_WARN_EMPTY_BODY = YES;
				CLANG_WARN_ENUM_CONVERSION = YES;
				CLANG_WARN_INFINITE_RECURSION = YES;
				CLANG_WARN_INT_CONVERSION = YES;
				CLANG_WARN_NON_LITERAL_NULL_CONVERSION = YES;
				CLANG_WARN_OBJC_IMPLICIT_RETAIN_SELF = YES;
				CLANG_WARN_OBJC_LITERAL_CONVERSION = YES;
				CLANG_WARN_OBJC_ROOT_CLASS = YES_ERROR;
				CLANG_WARN_RANGE_LOOP_ANALYSIS = YES;
				CLANG_WARN_STRICT_PROTOTYPES = YES;
				CLANG_WARN_SUSPICIOUS_MOVE = YES;
				CLANG_WARN_UNGUARDED_AVAILABILITY = YES_AGGRESSIVE;
				CLANG_WARN_UNREACHABLE_CODE = YES;
				CLANG_WARN__DUPLICATE_METHOD_MATCH = YES;
				CODE_SIGN_IDENTITY = "iPhone Developer";
				COPY_PHASE_STRIP = NO;
				DEBUG_INFORMATION_FORMAT = dwarf;
				ENABLE_STRICT_OBJC_MSGSEND = YES;
				ENABLE_TESTABILITY = YES;
				GCC_C_LANGUAGE_STANDARD = gnu11;
				GCC_DYNAMIC_NO_PIC = NO;
				GCC_NO_COMMON_BLOCKS = YES;
				GCC_OPTIMIZATION_LEVEL = 0;
				GCC_PREPROCESSOR_DEFINITIONS = (
					"DEBUG=1",
					"$(inherited)",
				);
				GCC_WARN_64_TO_32_BIT_CONVERSION = YES;
				GCC_WARN_ABOUT_RETURN_TYPE = YES_ERROR;
				GCC_WARN_UNDECLARED_SELECTOR = YES;
				GCC_WARN_UNINITIALIZED_AUTOS = YES_AGGRESSIVE;
				GCC_WARN_UNUSED_FUNCTION = YES;
				GCC_WARN_UNUSED_VARIABLE = YES;
				IPHONEOS_DEPLOYMENT_TARGET = 12.1;
				MTL_ENABLE_DEBUG_INFO = INCLUDE_SOURCE;
				MTL_FAST_MATH = YES;
				ONLY_ACTIVE_ARCH = YES;
				SDKROOT = iphoneos;
				SWIFT_ACTIVE_COMPILATION_CONDITIONS = DEBUG;
				SWIFT_OPTIMIZATION_LEVEL = "-Onone";
			};
			name = Debug;
		};
		24ADD1E321EEFD6500BB7BF4 /* Release */ = {
			isa = XCBuildConfiguration;
			buildSettings = {
				ALWAYS_SEARCH_USER_PATHS = NO;
				CLANG_ANALYZER_NONNULL = YES;
				CLANG_ANALYZER_NUMBER_OBJECT_CONVERSION = YES_AGGRESSIVE;
				CLANG_CXX_LANGUAGE_STANDARD = "gnu++14";
				CLANG_CXX_LIBRARY = "libc++";
				CLANG_ENABLE_MODULES = YES;
				CLANG_ENABLE_OBJC_ARC = YES;
				CLANG_ENABLE_OBJC_WEAK = YES;
				CLANG_WARN_BLOCK_CAPTURE_AUTORELEASING = YES;
				CLANG_WARN_BOOL_CONVERSION = YES;
				CLANG_WARN_COMMA = YES;
				CLANG_WARN_CONSTANT_CONVERSION = YES;
				CLANG_WARN_DEPRECATED_OBJC_IMPLEMENTATIONS = YES;
				CLANG_WARN_DIRECT_OBJC_ISA_USAGE = YES_ERROR;
				CLANG_WARN_DOCUMENTATION_COMMENTS = YES;
				CLANG_WARN_EMPTY_BODY = YES;
				CLANG_WARN_ENUM_CONVERSION = YES;
				CLANG_WARN_INFINITE_RECURSION = YES;
				CLANG_WARN_INT_CONVERSION = YES;
				CLANG_WARN_NON_LITERAL_NULL_CONVERSION = YES;
				CLANG_WARN_OBJC_IMPLICIT_RETAIN_SELF = YES;
				CLANG_WARN_OBJC_LITERAL_CONVERSION = YES;
				CLANG_WARN_OBJC_ROOT_CLASS = YES_ERROR;
				CLANG_WARN_RANGE_LOOP_ANALYSIS = YES;
				CLANG_WARN_STRICT_PROTOTYPES = YES;
				CLANG_WARN_SUSPICIOUS_MOVE = YES;
				CLANG_WARN_UNGUARDED_AVAILABILITY = YES_AGGRESSIVE;
				CLANG_WARN_UNREACHABLE_CODE = YES;
				CLANG_WARN__DUPLICATE_METHOD_MATCH = YES;
				CODE_SIGN_IDENTITY = "iPhone Developer";
				COPY_PHASE_STRIP = NO;
				DEBUG_INFORMATION_FORMAT = "dwarf-with-dsym";
				ENABLE_NS_ASSERTIONS = NO;
				ENABLE_STRICT_OBJC_MSGSEND = YES;
				GCC_C_LANGUAGE_STANDARD = gnu11;
				GCC_NO_COMMON_BLOCKS = YES;
				GCC_WARN_64_TO_32_BIT_CONVERSION = YES;
				GCC_WARN_ABOUT_RETURN_TYPE = YES_ERROR;
				GCC_WARN_UNDECLARED_SELECTOR = YES;
				GCC_WARN_UNINITIALIZED_AUTOS = YES_AGGRESSIVE;
				GCC_WARN_UNUSED_FUNCTION = YES;
				GCC_WARN_UNUSED_VARIABLE = YES;
				IPHONEOS_DEPLOYMENT_TARGET = 12.1;
				MTL_ENABLE_DEBUG_INFO = NO;
				MTL_FAST_MATH = YES;
				SDKROOT = iphoneos;
				SWIFT_COMPILATION_MODE = wholemodule;
				SWIFT_OPTIMIZATION_LEVEL = "-O";
				VALIDATE_PRODUCT = YES;
			};
			name = Release;
		};
		24ADD1E521EEFD6500BB7BF4 /* Debug */ = {
			isa = XCBuildConfiguration;
			baseConfigurationReference = 6ED203663A966E93AF221666 /* Pods-Pigeon.debug.xcconfig */;
			buildSettings = {
				ASSETCATALOG_COMPILER_APPICON_NAME = AppIcon;
				CODE_SIGN_IDENTITY = "iPhone Developer";
				CODE_SIGN_STYLE = Automatic;
				DEVELOPMENT_TEAM = KY778HWXP2;
				INFOPLIST_FILE = Pigeon/Info.plist;
				LD_RUNPATH_SEARCH_PATHS = (
					"$(inherited)",
					"@executable_path/Frameworks",
				);
				PRODUCT_BUNDLE_IDENTIFIER = com.meraj.messenger.Pigeon1;
				PRODUCT_NAME = "$(TARGET_NAME)";
				PROVISIONING_PROFILE_SPECIFIER = "";
				SWIFT_VERSION = 4.2;
				TARGETED_DEVICE_FAMILY = "1,2";
			};
			name = Debug;
		};
		24ADD1E621EEFD6500BB7BF4 /* Release */ = {
			isa = XCBuildConfiguration;
			baseConfigurationReference = 736D0F7D95A0EDE200CBBF0B /* Pods-Pigeon.release.xcconfig */;
			buildSettings = {
				ASSETCATALOG_COMPILER_APPICON_NAME = AppIcon;
				CODE_SIGN_IDENTITY = "iPhone Developer";
				CODE_SIGN_STYLE = Automatic;
				DEVELOPMENT_TEAM = KY778HWXP2;
				INFOPLIST_FILE = Pigeon/Info.plist;
				LD_RUNPATH_SEARCH_PATHS = (
					"$(inherited)",
					"@executable_path/Frameworks",
				);
				PRODUCT_BUNDLE_IDENTIFIER = com.meraj.messenger.Pigeon1;
				PRODUCT_NAME = "$(TARGET_NAME)";
				PROVISIONING_PROFILE_SPECIFIER = "";
				SWIFT_VERSION = 4.2;
				TARGETED_DEVICE_FAMILY = "1,2";
			};
			name = Release;
		};
/* End XCBuildConfiguration section */

/* Begin XCConfigurationList section */
		24ADD1CA21EEFD6400BB7BF4 /* Build configuration list for PBXProject "Pigeon" */ = {
			isa = XCConfigurationList;
			buildConfigurations = (
				24ADD1E221EEFD6500BB7BF4 /* Debug */,
				24ADD1E321EEFD6500BB7BF4 /* Release */,
			);
			defaultConfigurationIsVisible = 0;
			defaultConfigurationName = Release;
		};
		24ADD1E421EEFD6500BB7BF4 /* Build configuration list for PBXNativeTarget "Pigeon" */ = {
			isa = XCConfigurationList;
			buildConfigurations = (
				24ADD1E521EEFD6500BB7BF4 /* Debug */,
				24ADD1E621EEFD6500BB7BF4 /* Release */,
			);
			defaultConfigurationIsVisible = 0;
			defaultConfigurationName = Release;
		};
/* End XCConfigurationList section */

/* Begin XCVersionGroup section */
		24ADD1D921EEFD6400BB7BF4 /* Pigeon.xcdatamodeld */ = {
			isa = XCVersionGroup;
			children = (
				24ADD1DA21EEFD6400BB7BF4 /* Pigeon.xcdatamodel */,
			);
			currentVersion = 24ADD1DA21EEFD6400BB7BF4 /* Pigeon.xcdatamodel */;
			path = Pigeon.xcdatamodeld;
			sourceTree = "<group>";
			versionGroupType = wrapper.xcdatamodel;
		};
/* End XCVersionGroup section */
	};
	rootObject = 24ADD1C721EEFD6400BB7BF4 /* Project object */;
}
